# THIS IS AN AUTOGENERATED FILE. DO NOT EDIT THIS FILE DIRECTLY.
# yarn lockfile v1


"@abcpros/bitcore-lib@^8.25.31":
  version "8.25.31"
  resolved "https://registry.yarnpkg.com/@abcpros/bitcore-lib/-/bitcore-lib-8.25.31.tgz#6c0b753b262f3eb658a0723cf002351eb64d5093"
  integrity sha512-kGnSiktUnKKdkHUcUJBHiLxgsFBtUIklmKwyDIp8lEBV2jJifJHv2Dx4sMR8RKwafMweU/PWhZNQ9IcTvCgeog==
  dependencies:
    bech32 "=1.1.3"
    bn.js "=4.11.8"
    bs58 "^4.0.1"
    buffer-compare "=1.1.1"
    elliptic "^6.5.3"
    inherits "=2.0.1"
    lodash "^4.17.20"

"@types/abstract-leveldown@*":
  version "5.0.2"
  resolved "https://registry.yarnpkg.com/@types/abstract-leveldown/-/abstract-leveldown-5.0.2.tgz#ee81917fe38f770e29eec8139b6f16ee4a8b0a5f"
  integrity sha512-+jA1XXF3jsz+Z7FcuiNqgK53hTa/luglT2TyTpKPqoYbxVY+mCPF22Rm+q3KPBrMHJwNXFrTViHszBOfU4vftQ==

"@types/atob@^2.1.2":
  version "2.1.2"
  resolved "https://registry.yarnpkg.com/@types/atob/-/atob-2.1.2.tgz#157eb0cc46264a8c55f2273a836c7a1a644fb820"
  integrity sha512-8GAYQ1jDRUQkSpHzJUqXwAkYFOxuWAOGLhIR4aPd/Y/yL12Q/9m7LsKpHKlfKdNE/362Hc9wPI1Yh6opDfxVJg==

"@types/bluebird@^3.5.36":
  version "3.5.36"
  resolved "https://registry.yarnpkg.com/@types/bluebird/-/bluebird-3.5.36.tgz#00d9301d4dc35c2f6465a8aec634bb533674c652"
  integrity sha512-HBNx4lhkxN7bx6P0++W8E289foSu8kO8GCk2unhuVggO+cE7rh9DhZUyPhUxNRG9m+5B5BTKxZQ5ZP92x/mx9Q==

"@types/btoa@^1.2.3":
  version "1.2.3"
  resolved "https://registry.yarnpkg.com/@types/btoa/-/btoa-1.2.3.tgz#2c8e7093f902bf8f0e10992a731a4996aa1a5732"
  integrity sha512-ANNCZICS/ofxhzUl8V1DniBJs+sFQ+Yg5am1ZwVEf/sxoKY/J2+h5Fuw3xUErlZ7eJLdgzukBjZwnsV6+/2Rmg==
  dependencies:
    "@types/node" "*"

"@types/encoding-down@*":
  version "5.0.0"
  resolved "https://registry.yarnpkg.com/@types/encoding-down/-/encoding-down-5.0.0.tgz#0b5b90b93ac3aa75148f19508044e7bd36463557"
  integrity sha512-G0MlS/+/U2RIQLcSEhhAcoMrXw3hXUCFSKbhbeEljoKMra2kq+NPX6tfOveSWQLX2hJXBo+YrvKgAGe+tFL1Aw==
  dependencies:
    "@types/abstract-leveldown" "*"
    "@types/level-codec" "*"

"@types/google-protobuf@^3.15.5":
  version "3.15.5"
  resolved "https://registry.yarnpkg.com/@types/google-protobuf/-/google-protobuf-3.15.5.tgz#644b2be0f5613b1f822c70c73c6b0e0b5b5fa2ad"
  integrity sha512-6bgv24B+A2bo9AfzReeg5StdiijKzwwnRflA8RLd1V4Yv995LeTmo0z69/MPbBDFSiZWdZHQygLo/ccXhMEDgw==

"@types/level-codec@*":
  version "9.0.1"
  resolved "https://registry.yarnpkg.com/@types/level-codec/-/level-codec-9.0.1.tgz#b135e0b3da81185b6f27655334c5f1da89b2b0af"
  integrity sha512-6z7DSlBsmbax3I/bV1Q6jT1nKquDjFl95LURVThdKtwILkRawLYtXdINW19xM95N5kqN2detWb2iGrbUlPwNyw==

"@types/level-errors@*":
  version "3.0.0"
  resolved "https://registry.yarnpkg.com/@types/level-errors/-/level-errors-3.0.0.tgz#15c1f4915a5ef763b51651b15e90f6dc081b96a8"
  integrity sha512-/lMtoq/Cf/2DVOm6zE6ORyOM+3ZVm/BvzEZVxUhf6bgh8ZHglXlBqxbxSlJeVp8FCbD3IVvk/VbsaNmDjrQvqQ==

"@types/level@^6.0.0":
  version "6.0.0"
  resolved "https://registry.yarnpkg.com/@types/level/-/level-6.0.0.tgz#0bc0aaf1106598e1774e1dc5b69f0d58885d9d34"
  integrity sha512-NjaUpukKfCvnV4Wk0jUaodFi2/66HxgpYghc2aV8iP+zk2NMt/9ps1eVlifqOU/+eLzMlDIY69NWkbPaAstukQ==
  dependencies:
    "@types/abstract-leveldown" "*"
    "@types/encoding-down" "*"
    "@types/levelup" "*"

"@types/levelup@*":
  version "4.3.3"
  resolved "https://registry.yarnpkg.com/@types/levelup/-/levelup-4.3.3.tgz#4dc2b77db079b1cf855562ad52321aa4241b8ef4"
  integrity sha512-K+OTIjJcZHVlZQN1HmU64VtrC0jC3dXWQozuEIR9zVvltIk90zaGPM2AgT+fIkChpzHhFE3YnvFLCbLtzAmexA==
  dependencies:
    "@types/abstract-leveldown" "*"
    "@types/level-errors" "*"
    "@types/node" "*"

"@types/node-forge@^0.10.8":
  version "0.10.8"
  resolved "https://registry.yarnpkg.com/@types/node-forge/-/node-forge-0.10.8.tgz#02cd441f2bc82c928d0301b54d66a6eac8541927"
  integrity sha512-pS02y9i4oqhyijveLYrgb7C/tQVHxyaFg7cxZITHO4C9oHU5gjIvtCnZXQNP6K7adXl4VtxCnijnKeuWqT++nA==
  dependencies:
    "@types/node" "*"

"@types/node@*", "@types/node@^16.11.0":
  version "16.11.0"
  resolved "https://registry.yarnpkg.com/@types/node/-/node-16.11.0.tgz#4b95f2327bacd1ef8f08d8ceda193039c5d7f52e"
  integrity sha512-8MLkBIYQMuhRBQzGN9875bYsOhPnf/0rgXGo66S2FemHkhbn9qtsz9ywV1iCG+vbjigE4WUNVvw37Dx+L0qsPg==

"@types/ramda@^0.27.45":
  version "0.27.45"
  resolved "https://registry.yarnpkg.com/@types/ramda/-/ramda-0.27.45.tgz#1d692736da8f8c199e10c751d4799cab03cd9acd"
  integrity sha512-WDH7bIuy+JQHzYx6jgo+ytSHco/J+DWaUfxXQ2eBjilxIj4rG0aqQNU56AtO5Tem9hmx8na2ouSAtn5Tz8RePQ==
  dependencies:
    ts-toolbelt "^6.15.1"

"@types/vcf@^2.0.3":
  version "2.0.3"
  resolved "https://registry.yarnpkg.com/@types/vcf/-/vcf-2.0.3.tgz#621c4f2236258d20692c7216c0b660b803a66eaa"
  integrity sha512-T7FW77SvkTPAI5qEGpFHL9EAFgVaceDwLxAp+xgBxcZrhz6fTwf44LhYEUnJJeZ+EuKSJ8owQYKwlabYyVwJ8Q==
  dependencies:
    "@types/node" "*"

"@types/ws@^7.4.6":
  version "7.4.7"
  resolved "https://registry.yarnpkg.com/@types/ws/-/ws-7.4.7.tgz#f7c390a36f7a0679aa69de2d501319f4f8d9b702"
  integrity sha512-JQbbmxZTZehdc2iszGKs5oC3NFnjeay7mtAWrdt7qNtAVK0g19muApzAy4bm9byz79xa2ZnO/BOBC2R8RC5Lww==
  dependencies:
    "@types/node" "*"

abstract-leveldown@^7.2.0:
  version "7.2.0"
  resolved "https://registry.yarnpkg.com/abstract-leveldown/-/abstract-leveldown-7.2.0.tgz#08d19d4e26fb5be426f7a57004851b39e1795a2e"
  integrity sha512-DnhQwcFEaYsvYDnACLZhMmCWd3rkOeEvglpa4q5i/5Jlm3UIsWaxVzuXvDLFCSCWRO3yy2/+V/G7FusFgejnfQ==
  dependencies:
    buffer "^6.0.3"
    catering "^2.0.0"
    is-buffer "^2.0.5"
    level-concat-iterator "^3.0.0"
    level-supports "^2.0.1"
    queue-microtask "^1.2.3"

async-mutex@^0.3.1:
  version "0.3.2"
  resolved "https://registry.yarnpkg.com/async-mutex/-/async-mutex-0.3.2.tgz#1485eda5bda1b0ec7c8df1ac2e815757ad1831df"
  integrity sha512-HuTK7E7MT7jZEh1P9GtRW9+aTWiDWWi9InbZ5hjxrnRa39KS4BW04+xLBhYNS2aXhHUIKZSw3gj4Pn1pj+qGAA==
  dependencies:
    tslib "^2.3.1"

atob@^2.1.2:
  version "2.1.2"
  resolved "https://registry.yarnpkg.com/atob/-/atob-2.1.2.tgz#6d9517eb9e030d2436666651e86bd9f6f13533c9"
  integrity sha512-Wm6ukoaOGJi/73p/cl2GvLjTI5JM1k/O14isD73YML8StrH/7/lRFgmg8nICZgD3bZZvjwCGxtMOD3wWNAu8cg==

axios@^0.23.0:
  version "0.23.0"
  resolved "https://registry.yarnpkg.com/axios/-/axios-0.23.0.tgz#b0fa5d0948a8d1d75e3d5635238b6c4625b05149"
  integrity sha512-NmvAE4i0YAv5cKq8zlDoPd1VLKAqX5oLuZKs8xkJa4qi6RGn0uhCYFjWtHHC9EM/MwOwYWOs53W+V0aqEXq1sg==
  dependencies:
    follow-redirects "^1.14.4"

base-x@^3.0.2:
  version "3.0.8"
  resolved "https://registry.yarnpkg.com/base-x/-/base-x-3.0.8.tgz#1e1106c2537f0162e8b52474a557ebb09000018d"
  integrity sha512-Rl/1AWP4J/zRrk54hhlxH4drNxPJXYUaKffODVI53/dAsV4t9fBxyxYKAVPU1XBHxYwOWP9h9H0hM2MVw4YfJA==
  dependencies:
    safe-buffer "^5.0.1"

base64-js@^1.3.1:
  version "1.5.1"
  resolved "https://registry.yarnpkg.com/base64-js/-/base64-js-1.5.1.tgz#1b1b440160a5bf7ad40b650f095963481903930a"
  integrity sha512-AKpaYlHn8t4SVbOHCy+b5+KKgvR4vrsD8vbvrbiQJps7fKDTkjkDry6ji0rUJjC0kzbNePLwzxq8iypo41qeWA==

bech32@=1.1.3:
  version "1.1.3"
  resolved "https://registry.yarnpkg.com/bech32/-/bech32-1.1.3.tgz#bd47a8986bbb3eec34a56a097a84b8d3e9a2dfcd"
  integrity sha512-yuVFUvrNcoJi0sv5phmqc6P+Fl1HjRDRNOOkHY2X/3LBy2bIGNSFx4fZ95HMaXHupuS7cZR15AsvtmCIF4UEyg==

"bitcore-lib-xpi@file:../bitcore-lib-xpi":
  version "8.25.31"
  dependencies:
    "@abcpros/bitcore-lib" "^8.25.31"
    bn.js "=4.11.8"
    bs58 "^4.0.1"
    buffer-compare "=1.1.1"
    elliptic "^6.5.3"
    inherits "=2.0.1"
    lodash "^4.17.20"

bluebird@^3.7.2:
  version "3.7.2"
  resolved "https://registry.yarnpkg.com/bluebird/-/bluebird-3.7.2.tgz#9f229c15be272454ffa973ace0dbee79a1b0c36f"
  integrity sha512-XpNj6GDQzdfW+r2Wnn7xiSAd7TM3jzkxGXBGTtWKuSXv1xUV+azxAm8jdWZN06QTQk+2N2XB9jRDkvbmQmcRtg==

bn.js@=4.11.8:
  version "4.11.8"
  resolved "https://registry.yarnpkg.com/bn.js/-/bn.js-4.11.8.tgz#2cde09eb5ee341f484746bb0309b3253b1b1442f"
  integrity sha512-ItfYfPLkWHUjckQCk8xC+LwxgK8NYcXywGigJgSwOP8Y2iyWT4f2vsZnoOXTTbo+o5yXmIUJ4gn5538SO5S3gA==

bn.js@^4.11.9:
  version "4.12.0"
  resolved "https://registry.yarnpkg.com/bn.js/-/bn.js-4.12.0.tgz#775b3f278efbb9718eec7361f483fb36fbbfea88"
  integrity sha512-c98Bf3tPniI+scsdk237ku1Dc3ujXQTSgyiPUDEOe7tRkhrqridvh8klBv0HCEso1OLOYcHuCv/cS6DNxKH+ZA==

brorand@^1.1.0:
  version "1.1.0"
  resolved "https://registry.yarnpkg.com/brorand/-/brorand-1.1.0.tgz#12c25efe40a45e3c323eb8675a0a0ce57b22371f"
  integrity sha1-EsJe/kCkXjwyPrhnWgoM5XsiNx8=

bs58@^4.0.1:
  version "4.0.1"
  resolved "https://registry.yarnpkg.com/bs58/-/bs58-4.0.1.tgz#be161e76c354f6f788ae4071f63f34e8c4f0a42a"
  integrity sha1-vhYedsNU9veIrkBx9j806MTwpCo=
  dependencies:
    base-x "^3.0.2"

btoa@^1.2.1:
  version "1.2.1"
  resolved "https://registry.yarnpkg.com/btoa/-/btoa-1.2.1.tgz#01a9909f8b2c93f6bf680ba26131eb30f7fa3d73"
  integrity sha512-SB4/MIGlsiVkMcHmT+pSmIPoNDoHg+7cMzmt3Uxt628MTz2487DKSqK/fuhFBrkuqrYv5UCEnACpF4dTFNKc/g==

buffer-compare@=1.1.1:
  version "1.1.1"
  resolved "https://registry.yarnpkg.com/buffer-compare/-/buffer-compare-1.1.1.tgz#5be7be853af89198d1f4ddc090d1d66a48aef596"
  integrity sha1-W+e+hTr4kZjR9N3AkNHWakiu9ZY=

buffer@^6.0.3:
  version "6.0.3"
  resolved "https://registry.yarnpkg.com/buffer/-/buffer-6.0.3.tgz#2ace578459cc8fbe2a70aaa8f52ee63b6a74c6c6"
  integrity sha512-FTiCpNxtwiZZHEZbcbTIcZjERVICn9yq/pDFkTl95/AxzD1naBctN7YO68riM/gLSDY7sdrMby8hofADYuuqOA==
  dependencies:
    base64-js "^1.3.1"
    ieee754 "^1.2.1"

camelcase@^5.0.0:
  version "5.3.1"
  resolved "https://registry.yarnpkg.com/camelcase/-/camelcase-5.3.1.tgz#e3c9b31569e106811df242f715725a1f4c494320"
  integrity sha512-L28STB170nwWS63UjtlEOE3dldQApaJXZkOI1uMFfzf3rRuPegHaHesyee+YxQ+W6SvRDQV6UrdOdRiR153wJg==

catering@^2.0.0:
  version "2.1.0"
  resolved "https://registry.yarnpkg.com/catering/-/catering-2.1.0.tgz#1354f5e8e231a5b80309302bb23b40624d3212c5"
  integrity sha512-M5imwzQn6y+ODBfgi+cfgZv2hIUI6oYU/0f35Mdb1ujGeqeoI5tOnl9Q13DTH7LW+7er+NYq8stNOKZD/Z3U/A==
  dependencies:
    queue-tick "^1.0.0"

debug@^4.3.2:
  version "4.3.2"
  resolved "https://registry.yarnpkg.com/debug/-/debug-4.3.2.tgz#f0a49c18ac8779e31d4a0c6029dfb76873c7428b"
  integrity sha512-mOp8wKcvj7XxC78zLgw/ZA+6TSgkoE2C/ienthhRD298T7UNwAg9diBpLRxC0mOezLl4B0xV7M0cCO6P/O0Xhw==
  dependencies:
    ms "2.1.2"

deferred-leveldown@^7.0.0:
  version "7.0.0"
  resolved "https://registry.yarnpkg.com/deferred-leveldown/-/deferred-leveldown-7.0.0.tgz#39802715fda6ec06d0159a8b28bd1c7e2b1cf0bf"
  integrity sha512-QKN8NtuS3BC6m0B8vAnBls44tX1WXAFATUsJlruyAYbZpysWV3siH6o/i3g9DCHauzodksO60bdj5NazNbjCmg==
  dependencies:
    abstract-leveldown "^7.2.0"
    inherits "^2.0.3"

electrum-cash@^2.0.8:
  version "2.0.8"
  resolved "https://registry.yarnpkg.com/electrum-cash/-/electrum-cash-2.0.8.tgz#3e42d0f830c81633e0a25265a671676ed324bf7d"
  integrity sha512-rUBzeDVJ2LA9DzUEzBSuZsu01w1WHCNIbbMq7713uaEXwvhemuMWAZMMc79+JPXW/+UjOLn+Pu/24POTZGXsoA==
  dependencies:
    "@types/ws" "^7.4.6"
    async-mutex "^0.3.1"
    debug "^4.3.2"
    isomorphic-ws "^4.0.1"
    ws "^7.5.2"

elliptic@^6.5.3:
  version "6.5.4"
  resolved "https://registry.yarnpkg.com/elliptic/-/elliptic-6.5.4.tgz#da37cebd31e79a1367e941b592ed1fbebd58abbb"
  integrity sha512-iLhC6ULemrljPZb+QutR5TQGB+pdW6KGD5RSegS+8sorOZT+rdQFbsQFJgvN3eRqNALqJer4oQ16YvJHlU8hzQ==
  dependencies:
    bn.js "^4.11.9"
    brorand "^1.1.0"
    hash.js "^1.0.0"
    hmac-drbg "^1.0.1"
    inherits "^2.0.4"
    minimalistic-assert "^1.0.1"
    minimalistic-crypto-utils "^1.0.1"

encoding-down@^7.1.0:
  version "7.1.0"
  resolved "https://registry.yarnpkg.com/encoding-down/-/encoding-down-7.1.0.tgz#8d55b5a20d50eb6f0edaf7233f6aee0ff562386a"
  integrity sha512-ky47X5jP84ryk5EQmvedQzELwVJPjCgXDQZGeb9F6r4PdChByCGHTBrVcF3h8ynKVJ1wVbkxTsDC8zBROPypgQ==
  dependencies:
    abstract-leveldown "^7.2.0"
    inherits "^2.0.3"
    level-codec "^10.0.0"
    level-errors "^3.0.0"

foldline@^1.1.0:
  version "1.1.0"
  resolved "https://registry.yarnpkg.com/foldline/-/foldline-1.1.0.tgz#95017b3fc2cff156c167373897e76ceb32ae0964"
  integrity sha512-9SheyADS50hjvFYjFJ3OB/GlDz2mD1T2CHd7auIk4Uto5YYWPBcw8iYo3F+gENJ+/SOeH9tT0loHZSqlUlumTA==

follow-redirects@^1.14.4:
  version "1.14.4"
  resolved "https://registry.yarnpkg.com/follow-redirects/-/follow-redirects-1.14.4.tgz#838fdf48a8bbdd79e52ee51fb1c94e3ed98b9379"
  integrity sha512-zwGkiSXC1MUJG/qmeIFH2HBJx9u0V46QGUe3YR1fXG8bXQxq7fLj0RjLZQ5nubr9qNJUZrH+xUcwXEoXNpfS+g==

hash.js@^1.0.0, hash.js@^1.0.3:
  version "1.1.7"
  resolved "https://registry.yarnpkg.com/hash.js/-/hash.js-1.1.7.tgz#0babca538e8d4ee4a0f8988d68866537a003cf42"
  integrity sha512-taOaskGt4z4SOANNseOviYDvjEJinIkRgmp7LbKP2YTTmVxWBl87s/uzK9r+44BclBSp2X7K1hqeNfz9JbBeXA==
  dependencies:
    inherits "^2.0.3"
    minimalistic-assert "^1.0.1"

hmac-drbg@^1.0.1:
  version "1.0.1"
  resolved "https://registry.yarnpkg.com/hmac-drbg/-/hmac-drbg-1.0.1.tgz#d2745701025a6c775a6c545793ed502fc0c649a1"
  integrity sha1-0nRXAQJabHdabFRXk+1QL8DGSaE=
  dependencies:
    hash.js "^1.0.3"
    minimalistic-assert "^1.0.0"
    minimalistic-crypto-utils "^1.0.1"

ieee754@^1.2.1:
  version "1.2.1"
  resolved "https://registry.yarnpkg.com/ieee754/-/ieee754-1.2.1.tgz#8eb7a10a63fff25d15a57b001586d177d1b0d352"
  integrity sha512-dcyqhDvX1C46lXZcVqCpK+FtMRQVdIMN6/Df5js2zouUsqG7I6sFxitIC+7KYK29KdXOLHdu9zL4sFnoVQnqaA==

inherits@=2.0.1:
  version "2.0.1"
  resolved "https://registry.yarnpkg.com/inherits/-/inherits-2.0.1.tgz#b17d08d326b4423e568eff719f91b0b1cbdf69f1"
  integrity sha1-sX0I0ya0Qj5Wjv9xn5GwscvfafE=

inherits@^2.0.3, inherits@^2.0.4:
  version "2.0.4"
  resolved "https://registry.yarnpkg.com/inherits/-/inherits-2.0.4.tgz#0fa2c64f932917c3433a0ded55363aae37416b7c"
  integrity sha512-k/vGaX4/Yla3WzyMCvTQOXYeIHvqOKtnqBduzTHpzpQZzAskKMhZ2K+EnBiSM9zGSoIFeMpXKxa4dYeZIQqewQ==

is-buffer@^2.0.5:
  version "2.0.5"
  resolved "https://registry.yarnpkg.com/is-buffer/-/is-buffer-2.0.5.tgz#ebc252e400d22ff8d77fa09888821a24a658c191"
  integrity sha512-i2R6zNFDwgEHJyQUtJEk0XFi1i0dPFn/oqjK3/vPCcDeJvW5NQ83V8QbicfF1SupOaB0h8ntgBC2YiE7dfyctQ==

isomorphic-ws@^4.0.1:
  version "4.0.1"
  resolved "https://registry.yarnpkg.com/isomorphic-ws/-/isomorphic-ws-4.0.1.tgz#55fd4cd6c5e6491e76dc125938dd863f5cd4f2dc"
  integrity sha512-BhBvN2MBpWTaSHdWRb/bwdZJ1WaehQ2L1KngkCkfLUGF0mAWAT1sQUQacEmQ0jXkFw/czDXPNQSL5u2/Krsz1w==

level-codec@^10.0.0:
  version "10.0.0"
  resolved "https://registry.yarnpkg.com/level-codec/-/level-codec-10.0.0.tgz#f9e892770532c6cdcc83529546730791b0c62c12"
  integrity sha512-QW3VteVNAp6c/LuV6nDjg7XDXx9XHK4abmQarxZmlRSDyXYk20UdaJTSX6yzVvQ4i0JyWSB7jert0DsyD/kk6g==
  dependencies:
    buffer "^6.0.3"

level-concat-iterator@^3.0.0:
  version "3.0.0"
  resolved "https://registry.yarnpkg.com/level-concat-iterator/-/level-concat-iterator-3.0.0.tgz#416ddaf0c2ed834f006aa3124ee68906eb4769d4"
  integrity sha512-UHGiIdj+uiFQorOrURRvJF3Ei0uHc89ciM/aRi0qsWDV2f0HXypeXUPhJKL6DsONgSR76Pc0AI4sKYEYYRn2Dg==

level-errors@^3.0.0, level-errors@^3.0.1:
  version "3.0.1"
  resolved "https://registry.yarnpkg.com/level-errors/-/level-errors-3.0.1.tgz#4bed48a33108cd83b0e39fdf9bbd84e96fbbef9f"
  integrity sha512-tqTL2DxzPDzpwl0iV5+rBCv65HWbHp6eutluHNcVIftKZlQN//b6GEnZDM2CvGZvzGYMwyPtYppYnydBQd2SMQ==

level-iterator-stream@^5.0.0:
  version "5.0.0"
  resolved "https://registry.yarnpkg.com/level-iterator-stream/-/level-iterator-stream-5.0.0.tgz#85b3438e1b4c54ce5aa8c0eb973cfb628117df9e"
  integrity sha512-wnb1+o+CVFUDdiSMR/ZymE2prPs3cjVLlXuDeSq9Zb8o032XrabGEXcTCsBxprAtseO3qvFeGzh6406z9sOTRA==
  dependencies:
    inherits "^2.0.4"
    readable-stream "^3.4.0"

level-js@^6.1.0:
  version "6.1.0"
  resolved "https://registry.yarnpkg.com/level-js/-/level-js-6.1.0.tgz#982ee9e583fca801aa75689c041995d0e7aab4ef"
  integrity sha512-i7mPtkZm68aewfv0FnIUWvFUFfoyzIvVKnUmuQGrelEkP72vSPTaA1SGneWWoCV5KZJG4wlzbJLp1WxVNGuc6A==
  dependencies:
    abstract-leveldown "^7.2.0"
    buffer "^6.0.3"
    inherits "^2.0.3"
    ltgt "^2.1.2"
    run-parallel-limit "^1.1.0"

level-packager@^6.0.1:
  version "6.0.1"
  resolved "https://registry.yarnpkg.com/level-packager/-/level-packager-6.0.1.tgz#46b521e63df7f9728543f6792c0a8fe967e679a0"
  integrity sha512-8Ezr0XM6hmAwqX9uu8IGzGNkWz/9doyPA8Oo9/D7qcMI6meJC+XhIbNYHukJhIn8OGdlzQs/JPcL9B8lA2F6EQ==
  dependencies:
    encoding-down "^7.1.0"
    levelup "^5.1.1"

level-supports@^2.0.1:
  version "2.0.2"
  resolved "https://registry.yarnpkg.com/level-supports/-/level-supports-2.0.2.tgz#9b8a3b2de8d25cd4f31d285ca7a842c5666c2c65"
  integrity sha512-dU1W7OnntoCXeNfy9c93K7KEoGNsuP+zZLbUQrIbBzhdZ75U0h8GEcioqmJc1QpYVORyFfeR+kyFeNx2N4t7lg==

level@^7.0.1:
  version "7.0.1"
  resolved "https://registry.yarnpkg.com/level/-/level-7.0.1.tgz#05121748d95a4ff7355860d56eb5d0aa36faef2a"
  integrity sha512-w3E64+ALx2eZf8RV5JL4kIcE0BFAvQscRYd1yU4YVqZN9RGTQxXSvH202xvK15yZwFFxRXe60f13LJjcJ//I4Q==
  dependencies:
    level-js "^6.1.0"
    level-packager "^6.0.1"
    leveldown "^6.1.0"

leveldown@^6.1.0:
  version "6.1.0"
  resolved "https://registry.yarnpkg.com/leveldown/-/leveldown-6.1.0.tgz#7ab1297706f70c657d1a72b31b40323aa612b9ee"
  integrity sha512-8C7oJDT44JXxh04aSSsfcMI8YiaGRhOFI9/pMEL7nWJLVsWajDPTRxsSHTM2WcTVY5nXM+SuRHzPPi0GbnDX+w==
  dependencies:
    abstract-leveldown "^7.2.0"
    napi-macros "~2.0.0"
    node-gyp-build "^4.3.0"

levelup@^5.1.1:
  version "5.1.1"
  resolved "https://registry.yarnpkg.com/levelup/-/levelup-5.1.1.tgz#9f99699f414ac084a3f8a28fc262a1f49cd7a52c"
  integrity sha512-0mFCcHcEebOwsQuk00WJwjLI6oCjbBuEYdh/RaRqhjnyVlzqf41T1NnDtCedumZ56qyIh8euLFDqV1KfzTAVhg==
  dependencies:
    catering "^2.0.0"
    deferred-leveldown "^7.0.0"
    level-errors "^3.0.1"
    level-iterator-stream "^5.0.0"
    level-supports "^2.0.1"
    queue-microtask "^1.2.3"

lodash@^4.17.20:
  version "4.17.21"
  resolved "https://registry.yarnpkg.com/lodash/-/lodash-4.17.21.tgz#679591c564c3bffaae8454cf0b3df370c3d6911c"
  integrity sha512-v2kDEe57lecTulaDIuNTPy3Ry4gLGJ6Z1O3vE1krgXZNrsQ+LFTGHVxVjcXPs17LhbZVGedAJv8XZ1tvj5FvSg==

ltgt@^2.1.2:
  version "2.2.1"
  resolved "https://registry.yarnpkg.com/ltgt/-/ltgt-2.2.1.tgz#f35ca91c493f7b73da0e07495304f17b31f87ee5"
  integrity sha1-81ypHEk/e3PaDgdJUwTxezH4fuU=

minimalistic-assert@^1.0.0, minimalistic-assert@^1.0.1:
  version "1.0.1"
  resolved "https://registry.yarnpkg.com/minimalistic-assert/-/minimalistic-assert-1.0.1.tgz#2e194de044626d4a10e7f7fbc00ce73e83e4d5c7"
  integrity sha512-UtJcAD4yEaGtjPezWuO9wC4nwUnVH/8/Im3yEHQP4b67cXlD/Qr9hdITCU1xDbSEXg2XKNaP8jsReV7vQd00/A==

minimalistic-crypto-utils@^1.0.1:
  version "1.0.1"
  resolved "https://registry.yarnpkg.com/minimalistic-crypto-utils/-/minimalistic-crypto-utils-1.0.1.tgz#f6c00c1c0b082246e5c4d99dfb8c7c083b2b582a"
  integrity sha1-9sAMHAsIIkblxNmd+4x8CDsrWCo=

ms@2.1.2:
  version "2.1.2"
  resolved "https://registry.yarnpkg.com/ms/-/ms-2.1.2.tgz#d09d1f357b443f493382a8eb3ccd183872ae6009"
  integrity sha512-sGkPx+VjMtmA6MX27oA4FBFELFCZZ4S4XqeGOXCv68tT+jb3vk/RyaKWP0PTKyWtmLSM0b+adUTEvbs1PEaH2w==

napi-macros@~2.0.0:
  version "2.0.0"
  resolved "https://registry.yarnpkg.com/napi-macros/-/napi-macros-2.0.0.tgz#2b6bae421e7b96eb687aa6c77a7858640670001b"
  integrity sha512-A0xLykHtARfueITVDernsAWdtIMbOJgKgcluwENp3AlsKN/PloyO10HtmoqnFAQAcxPkgZN7wdfPfEd0zNGxbg==

node-forge@^0.10.0:
  version "0.10.0"
  resolved "https://registry.yarnpkg.com/node-forge/-/node-forge-0.10.0.tgz#32dea2afb3e9926f02ee5ce8794902691a676bf3"
  integrity sha512-PPmu8eEeG9saEUvI97fm4OYxXVB6bFvyNTyiUOBichBpFG8A1Ljw3bY62+5oOjDEMHRnd0Y7HQ+x7uzxOzC6JA==

node-gyp-build@^4.3.0:
  version "4.3.0"
  resolved "https://registry.yarnpkg.com/node-gyp-build/-/node-gyp-build-4.3.0.tgz#9f256b03e5826150be39c764bf51e993946d71a3"
  integrity sha512-iWjXZvmboq0ja1pUGULQBexmxq8CV4xBhX7VDOTbL7ZR4FOowwY/VOtRxBN/yKxmdGoIp4j5ysNT4u3S2pDQ3Q==

queue-microtask@^1.2.2, queue-microtask@^1.2.3:
  version "1.2.3"
  resolved "https://registry.yarnpkg.com/queue-microtask/-/queue-microtask-1.2.3.tgz#4929228bbc724dfac43e0efb058caf7b6cfb6243"
  integrity sha512-NuaNSa6flKT5JaSYQzJok04JzTL1CA6aGhv5rfLW3PgqA+M2ChpZQnAC8h8i4ZFkBS8X5RqkDBHA7r4hej3K9A==

queue-tick@^1.0.0:
  version "1.0.0"
  resolved "https://registry.yarnpkg.com/queue-tick/-/queue-tick-1.0.0.tgz#011104793a3309ae86bfeddd54e251dc94a36725"
  integrity sha512-ULWhjjE8BmiICGn3G8+1L9wFpERNxkf8ysxkAer4+TFdRefDaXOCV5m92aMB9FtBVmn/8sETXLXY6BfW7hyaWQ==

ramda@^0.27.1:
  version "0.27.1"
  resolved "https://registry.yarnpkg.com/ramda/-/ramda-0.27.1.tgz#66fc2df3ef873874ffc2da6aa8984658abacf5c9"
  integrity sha512-PgIdVpn5y5Yns8vqb8FzBUEYn98V3xcPgawAkkgj0YJ0qDsnHCiNmZYfOGMgOvoB0eWFLpYbhxUR3mxfDIMvpw==

readable-stream@^3.4.0:
  version "3.6.0"
  resolved "https://registry.yarnpkg.com/readable-stream/-/readable-stream-3.6.0.tgz#337bbda3adc0706bd3e024426a286d4b4b2c9198"
  integrity sha512-BViHy7LKeTz4oNnkcLJ+lVSL6vpiFeX6/d3oSH8zCW7UxP2onchk+vTGB143xuFjHS3deTgkKoXXymXqymiIdA==
  dependencies:
    inherits "^2.0.3"
    string_decoder "^1.1.1"
    util-deprecate "^1.0.1"

run-parallel-limit@^1.1.0:
  version "1.1.0"
  resolved "https://registry.yarnpkg.com/run-parallel-limit/-/run-parallel-limit-1.1.0.tgz#be80e936f5768623a38a963262d6bef8ff11e7ba"
  integrity sha512-jJA7irRNM91jaKc3Hcl1npHsFLOXOoTkPCUL1JEa1R82O2miplXXRaGdjW/KM/98YQWDhJLiSs793CnXfblJUw==
  dependencies:
    queue-microtask "^1.2.2"

safe-buffer@^5.0.1, safe-buffer@~5.2.0:
  version "5.2.1"
  resolved "https://registry.yarnpkg.com/safe-buffer/-/safe-buffer-5.2.1.tgz#1eaf9fa9bdb1fdd4ec75f58f9cdb4e6b7827eec6"
  integrity sha512-rp3So07KcdmmKbGvgaNxQSJr7bGVSVk5S9Eq1F+ppbRo70+YeaDxkw5Dd8NPN+GD6bjnYm2VuPuCXmpuYvmCXQ==

string_decoder@^1.1.1:
  version "1.3.0"
  resolved "https://registry.yarnpkg.com/string_decoder/-/string_decoder-1.3.0.tgz#42f114594a46cf1a8e30b0a84f56c78c3edac21e"
  integrity sha512-hkRX8U1WjJFd8LsDJ2yQ/wWWxaopEsABU1XfkM8A+j0+85JAGppt16cr1Whg6KIbb4okU6Mql6BOj+uup/wKeA==
  dependencies:
    safe-buffer "~5.2.0"

ts-toolbelt@^6.15.1:
  version "6.15.5"
  resolved "https://registry.yarnpkg.com/ts-toolbelt/-/ts-toolbelt-6.15.5.tgz#cb3b43ed725cb63644782c64fbcad7d8f28c0a83"
  integrity sha512-FZIXf1ksVyLcfr7M317jbB67XFJhOO1YqdTcuGaq9q5jLUoTikukZ+98TPjKiP2jC5CgmYdWWYs0s2nLSU0/1A==

tslib@^2.3.1:
  version "2.3.1"
  resolved "https://registry.yarnpkg.com/tslib/-/tslib-2.3.1.tgz#e8a335add5ceae51aa261d32a490158ef042ef01"
  integrity sha512-77EbyPPpMz+FRFRuAFlWMtmgUWGe9UOG2Z25NqCwiIjRhOf5iKGuzSe5P2w1laq+FkRy4p+PCuVkJSGkzTEKVw==

typescript@^4.4.4:
  version "4.4.4"
  resolved "https://registry.yarnpkg.com/typescript/-/typescript-4.4.4.tgz#2cd01a1a1f160704d3101fd5a58ff0f9fcb8030c"
  integrity sha512-DqGhF5IKoBl8WNf8C1gu8q0xZSInh9j1kJJMqT3a94w1JzVaBU4EXOSMrz9yDqMT0xt3selp83fuFMQ0uzv6qA==

util-deprecate@^1.0.1:
  version "1.0.2"
  resolved "https://registry.yarnpkg.com/util-deprecate/-/util-deprecate-1.0.2.tgz#450d4dc9fa70de732762fbd2d4a28981419a0ccf"
  integrity sha1-RQ1Nyfpw3nMnYvvS1KKJgUGaDM8=

vcf@^2.1.0:
  version "2.1.0"
  resolved "https://registry.yarnpkg.com/vcf/-/vcf-2.1.0.tgz#c1844bcc4c1098b4f1e1457801c16cdc51537faa"
  integrity sha512-mTS5UnGuY6YHHkU/uD6eLla1tlAqmg38m1Fx6e/uaovVEuhuEU7YQ7O46G99A3OdmgEFHt5KW5g2P8q4v4O1bQ==
  dependencies:
    camelcase "^5.0.0"
    foldline "^1.1.0"

ws@^7.5.2:
  version "7.5.5"
  resolved "https://registry.yarnpkg.com/ws/-/ws-7.5.5.tgz#8b4bc4af518cfabd0473ae4f99144287b33eb881"
  integrity sha512-BAkMFcAzl8as1G/hArkxOxq3G7pjUqQ3gzYbLL0/5zNkph70e+lCoxBGnm6AW1+/aiNeV4fnKqZ8m4GZewmH2w==
